
Microsoft Visual Studio Solution File, Format Version 12.00
# Visual Studio Version 17
VisualStudioVersion = 17.3.32922.545
MinimumVisualStudioVersion = 10.0.40219.1
Project("{9A19103F-16F7-4668-BE54-9A1E7A4F7556}") = "WPF_Pokedex", "WPF-Pokedex\WPF_Pokedex.csproj", "{4BCB4CAC-5C2B-4082-B569-49894C185052}"
EndProject
Project("{9A19103F-16F7-4668-BE54-9A1E7A4F7556}") = "WPF-Pokedex-data-access", "WPF-Pokedex-data-access\WPF-Pokedex-data-access.csproj", "{66F30771-BAB4-4575-B997-A780AFB842C4}"
EndProject
Global
	GlobalSection(SolutionConfigurationPlatforms) = preSolution
		Debug|Any CPU = Debug|Any CPU
		Release|Any CPU = Release|Any CPU
	EndGlobalSection
	GlobalSection(ProjectConfigurationPlatforms) = postSolution
		{4BCB4CAC-5C2B-4082-B569-49894C185052}.Debug|Any CPU.ActiveCfg = Debug|Any CPU
		{4BCB4CAC-5C2B-4082-B569-49894C185052}.Debug|Any CPU.Build.0 = Debug|Any CPU
		{4BCB4CAC-5C2B-4082-B569-49894C185052}.Release|Any CPU.ActiveCfg = Release|Any CPU
		{4BCB4CAC-5C2B-4082-B569-49894C185052}.Release|Any CPU.Build.0 = Release|Any CPU
		{66F30771-BAB4-4575-B997-A780AFB842C4}.Debug|Any CPU.ActiveCfg = Debug|Any CPU
		{66F30771-BAB4-4575-B997-A780AFB842C4}.Debug|Any CPU.Build.0 = Debug|Any CPU
		{66F30771-BAB4-4575-B997-A780AFB842C4}.Release|Any CPU.ActiveCfg = Release|Any CPU
		{66F30771-BAB4-4575-B997-A780AFB842C4}.Release|Any CPU.Build.0 = Release|Any CPU
	EndGlobalSection
	GlobalSection(SolutionProperties) = preSolution
		HideSolutionNode = FALSE
	EndGlobalSection
	GlobalSection(ExtensibilityGlobals) = postSolution
		SolutionGuid = {908A20B1-04EE-4067-BD6E-42405629F447}
	EndGlobalSection
EndGlobal
